// !$*UTF8*$!
{
	archiveVersion = 1;
	classes = {
	};
	objectVersion = 50;
	objects = {

/* Begin PBXBuildFile section */
		8693FE5824ACD26300245819 /* AppDelegate.swift in Sources */ = {isa = PBXBuildFile; fileRef = 8693FE5724ACD26300245819 /* AppDelegate.swift */; };
		8693FE5A24ACD26300245819 /* SceneDelegate.swift in Sources */ = {isa = PBXBuildFile; fileRef = 8693FE5924ACD26300245819 /* SceneDelegate.swift */; };
		8693FE5C24ACD26300245819 /* ContentView.swift in Sources */ = {isa = PBXBuildFile; fileRef = 8693FE5B24ACD26300245819 /* ContentView.swift */; };
		8693FE5E24ACD26500245819 /* Assets.xcassets in Resources */ = {isa = PBXBuildFile; fileRef = 8693FE5D24ACD26500245819 /* Assets.xcassets */; };
		8693FE6124ACD26500245819 /* Preview Assets.xcassets in Resources */ = {isa = PBXBuildFile; fileRef = 8693FE6024ACD26500245819 /* Preview Assets.xcassets */; };
		8693FE6424ACD26500245819 /* LaunchScreen.storyboard in Resources */ = {isa = PBXBuildFile; fileRef = 8693FE6224ACD26500245819 /* LaunchScreen.storyboard */; };
/* End PBXBuildFile section */

/* Begin PBXFileReference section */
		8693FE5424ACD26300245819 /* Rilabs Game.app */ = {isa = PBXFileReference; explicitFileType = wrapper.application; includeInIndex = 0; path = "Rilabs Game.app"; sourceTree = BUILT_PRODUCTS_DIR; };
		8693FE5724ACD26300245819 /* AppDelegate.swift */ = {isa = PBXFileReference; lastKnownFileType = sourcecode.swift; path = AppDelegate.swift; sourceTree = "<group>"; };
		8693FE5924ACD26300245819 /* SceneDelegate.swift */ = {isa = PBXFileReference; lastKnownFileType = sourcecode.swift; path = SceneDelegate.swift; sourceTree = "<group>"; };
		8693FE5B24ACD26300245819 /* ContentView.swift */ = {isa = PBXFileReference; lastKnownFileType = sourcecode.swift; path = ContentView.swift; sourceTree = "<group>"; };
		8693FE5D24ACD26500245819 /* Assets.xcassets */ = {isa = PBXFileReference; lastKnownFileType = folder.assetcatalog; path = Assets.xcassets; sourceTree = "<group>"; };
		8693FE6024ACD26500245819 /* Preview Assets.xcassets */ = {isa = PBXFileReference; lastKnownFileType = folder.assetcatalog; path = "Preview Assets.xcassets"; sourceTree = "<group>"; };
		8693FE6324ACD26500245819 /* Base */ = {isa = PBXFileReference; lastKnownFileType = file.storyboard; name = Base; path = Base.lproj/LaunchScreen.storyboard; sourceTree = "<group>"; };
		8693FE6524ACD26500245819 /* Info.plist */ = {isa = PBXFileReference; lastKnownFileType = text.plist.xml; path = Info.plist; sourceTree = "<group>"; };
/* End PBXFileReference section */

/* Begin PBXFrameworksBuildPhase section */
		8693FE5124ACD26300245819 /* Frameworks */ = {
			isa = PBXFrameworksBuildPhase;
			buildActionMask = 2147483647;
			files = (
			);
			runOnlyForDeploymentPostprocessing = 0;
		};
/* End PBXFrameworksBuildPhase section */

/* Begin PBXGroup section */
		8693FE4B24ACD26300245819 = {
			isa = PBXGroup;
			children = (
				8693FE5624ACD26300245819 /* Rilabs Game */,
				8693FE5524ACD26300245819 /* Products */,
			);
			sourceTree = "<group>";
		};
		8693FE5524ACD26300245819 /* Products */ = {
			isa = PBXGroup;
			children = (
				8693FE5424ACD26300245819 /* Rilabs Game.app */,
			);
			name = Products;
			sourceTree = "<group>";
		};
		8693FE5624ACD26300245819 /* Rilabs Game */ = {
			isa = PBXGroup;
			children = (
				8693FE5724ACD26300245819 /* AppDelegate.swift */,
				8693FE5924ACD26300245819 /* SceneDelegate.swift */,
				8693FE5B24ACD26300245819 /* ContentView.swift */,
				8693FE5D24ACD26500245819 /* Assets.xcassets */,
				8693FE6224ACD26500245819 /* LaunchScreen.storyboard */,
				8693FE6524ACD26500245819 /* Info.plist */,
				8693FE5F24ACD26500245819 /* Preview Content */,
			);
			path = "Rilabs Game";
			sourceTree = "<group>";
		};
		8693FE5F24ACD26500245819 /* Preview Content */ = {
			isa = PBXGroup;
			children = (
				8693FE6024ACD26500245819 /* Preview Assets.xcassets */,
			);
			path = "Preview Content";
			sourceTree = "<group>";
		};
/* End PBXGroup section */

/* Begin PBXNativeTarget section */
		8693FE5324ACD26300245819 /* Rilabs Game */ = {
			isa = PBXNativeTarget;
			buildConfigurationList = 8693FE6824ACD26500245819 /* Build configuration list for PBXNativeTarget "Rilabs Game" */;
			buildPhases = (
				8693FE5024ACD26300245819 /* Sources */,
				8693FE5124ACD26300245819 /* Frameworks */,
				8693FE5224ACD26300245819 /* Resources */,
			);
			buildRules = (
			);
			dependencies = (
			);
			name = "Rilabs Game";
			productName = "Rilabs Game";
			productReference = 8693FE5424ACD26300245819 /* Rilabs Game.app */;
			productType = "com.apple.product-type.application";
		};
/* End PBXNativeTarget section */

/* Begin PBXProject section */
		8693FE4C24ACD26300245819 /* Project object */ = {
			isa = PBXProject;
			attributes = {
				LastSwiftUpdateCheck = 1150;
				LastUpgradeCheck = 1150;
				ORGANIZATIONNAME = "Ari Supriatna";
				TargetAttributes = {
					8693FE5324ACD26300245819 = {
						CreatedOnToolsVersion = 11.5;
					};
				};
			};
			buildConfigurationList = 8693FE4F24ACD26300245819 /* Build configuration list for PBXProject "Rilabs Game" */;
			compatibilityVersion = "Xcode 9.3";
			developmentRegion = en;
			hasScannedForEncodings = 0;
			knownRegions = (
				en,
				Base,
			);
			mainGroup = 8693FE4B24ACD26300245819;
			productRefGroup = 8693FE5524ACD26300245819 /* Products */;
			projectDirPath = "";
			projectRoot = "";
			targets = (
				8693FE5324ACD26300245819 /* Rilabs Game */,
			);
		};
/* End PBXProject section */

/* Begin PBXResourcesBuildPhase section */
		8693FE5224ACD26300245819 /* Resources */ = {
			isa = PBXResourcesBuildPhase;
			buildActionMask = 2147483647;
			files = (
				8693FE6424ACD26500245819 /* LaunchScreen.storyboard in Resources */,
				8693FE6124ACD26500245819 /* Preview Assets.xcassets in Resources */,
				8693FE5E24ACD26500245819 /* Assets.xcassets in Resources */,
			);
			runOnlyForDeploymentPostprocessing = 0;
		};
/* End PBXResourcesBuildPhase section */

/* Begin PBXSourcesBuildPhase section */
		8693FE5024ACD26300245819 /* Sources */ = {
			isa = PBXSourcesBuildPhase;
			buildActionMask = 2147483647;
			files = (
				8693FE5824ACD26300245819 /* AppDelegate.swift in Sources */,
				8693FE5A24ACD26300245819 /* SceneDelegate.swift in Sources */,
				8693FE5C24ACD26300245819 /* ContentView.swift in Sources */,
			);
			runOnlyForDeploymentPostprocessing = 0;
		};
/* End PBXSourcesBuildPhase section */

/* Begin PBXVariantGroup section */
		8693FE6224ACD26500245819 /* LaunchScreen.storyboard */ = {
			isa = PBXVariantGroup;
			children = (
				8693FE6324ACD26500245819 /* Base */,
			);
			name = LaunchScreen.storyboard;
			sourceTree = "<group>";
		};
/* End PBXVariantGroup section */

/* Begin XCBuildConfiguration section */
		8693FE6624ACD26500245819 /* Debug */ = {
			isa = XCBuildConfiguration;
			buildSettings = {
				ALWAYS_SEARCH_USER_PATHS = NO;
				CLANG_ANALYZER_NONNULL = YES;
				CLANG_ANALYZER_NUMBER_OBJECT_CONVERSION = YES_AGGRESSIVE;
				CLANG_CXX_LANGUAGE_STANDARD = "gnu++14";
				CLANG_CXX_LIBRARY = "libc++";
				CLANG_ENABLE_MODULES = YES;
				CLANG_ENABLE_OBJC_ARC = YES;
				CLANG_ENABLE_OBJC_WEAK = YES;
				CLANG_WARN_BLOCK_CAPTURE_AUTORELEASING = YES;
				CLANG_WARN_BOOL_CONVERSION = YES;
				CLANG_WARN_COMMA = YES;
				CLANG_WARN_CONSTANT_CONVERSION = YES;
				CLANG_WARN_DEPRECATED_OBJC_IMPLEMENTATIONS = YES;
				CLANG_WARN_DIRECT_OBJC_ISA_USAGE = YES_ERROR;
				CLANG_WARN_DOCUMENTATION_COMMENTS = YES;
				CLANG_WARN_EMPTY_BODY = YES;
				CLANG_WARN_ENUM_CONVERSION = YES;
				CLANG_WARN_INFINITE_RECURSION = YES;
				CLANG_WARN_INT_CONVERSION = YES;
				CLANG_WARN_NON_LITERAL_NULL_CONVERSION = YES;
				CLANG_WARN_OBJC_IMPLICIT_RETAIN_SELF = YES;
				CLANG_WARN_OBJC_LITERAL_CONVERSION = YES;
				CLANG_WARN_OBJC_ROOT_CLASS = YES_ERROR;
				CLANG_WARN_RANGE_LOOP_ANALYSIS = YES;
				CLANG_WARN_STRICT_PROTOTYPES = YES;
				CLANG_WARN_SUSPICIOUS_MOVE = YES;
				CLANG_WARN_UNGUARDED_AVAILABILITY = YES_AGGRESSIVE;
				CLANG_WARN_UNREACHABLE_CODE = YES;
				CLANG_WARN__DUPLICATE_METHOD_MATCH = YES;
				COPY_PHASE_STRIP = NO;
				DEBUG_INFORMATION_FORMAT = dwarf;
				ENABLE_STRICT_OBJC_MSGSEND = YES;
				ENABLE_TESTABILITY = YES;
				GCC_C_LANGUAGE_STANDARD = gnu11;
				GCC_DYNAMIC_NO_PIC = NO;
				GCC_NO_COMMON_BLOCKS = YES;
				GCC_OPTIMIZATION_LEVEL = 0;
				GCC_PREPROCESSOR_DEFINITIONS = (
					"DEBUG=1",
					"$(inherited)",
				);
				GCC_WARN_64_TO_32_BIT_CONVERSION = YES;
				GCC_WARN_ABOUT_RETURN_TYPE = YES_ERROR;
				GCC_WARN_UNDECLARED_SELECTOR = YES;
				GCC_WARN_UNINITIALIZED_AUTOS = YES_AGGRESSIVE;
				GCC_WARN_UNUSED_FUNCTION = YES;
				GCC_WARN_UNUSED_VARIABLE = YES;
				IPHONEOS_DEPLOYMENT_TARGET = 13.5;
				MTL_ENABLE_DEBUG_INFO = INCLUDE_SOURCE;
				MTL_FAST_MATH = YES;
				ONLY_ACTIVE_ARCH = YES;
				SDKROOT = iphoneos;
				SWIFT_ACTIVE_COMPILATION_CONDITIONS = DEBUG;
				SWIFT_OPTIMIZATION_LEVEL = "-Onone";
			};
			name = Debug;
		};
		8693FE6724ACD26500245819 /* Release */ = {
			isa = XCBuildConfiguration;
			buildSettings = {
				ALWAYS_SEARCH_USER_PATHS = NO;
				CLANG_ANALYZER_NONNULL = YES;
				CLANG_ANALYZER_NUMBER_OBJECT_CONVERSION = YES_AGGRESSIVE;
				CLANG_CXX_LANGUAGE_STANDARD = "gnu++14";
				CLANG_CXX_LIBRARY = "libc++";
				CLANG_ENABLE_MODULES = YES;
				CLANG_ENABLE_OBJC_ARC = YES;
				CLANG_ENABLE_OBJC_WEAK = YES;
				CLANG_WARN_BLOCK_CAPTURE_AUTORELEASING = YES;
				CLANG_WARN_BOOL_CONVERSION = YES;
				CLANG_WARN_COMMA = YES;
				CLANG_WARN_CONSTANT_CONVERSION = YES;
				CLANG_WARN_DEPRECATED_OBJC_IMPLEMENTATIONS = YES;
				CLANG_WARN_DIRECT_OBJC_ISA_USAGE = YES_ERROR;
				CLANG_WARN_DOCUMENTATION_COMMENTS = YES;
				CLANG_WARN_EMPTY_BODY = YES;
				CLANG_WARN_ENUM_CONVERSION = YES;
				CLANG_WARN_INFINITE_RECURSION = YES;
				CLANG_WARN_INT_CONVERSION = YES;
				CLANG_WARN_NON_LITERAL_NULL_CONVERSION = YES;
				CLANG_WARN_OBJC_IMPLICIT_RETAIN_SELF = YES;
				CLANG_WARN_OBJC_LITERAL_CONVERSION = YES;
				CLANG_WARN_OBJC_ROOT_CLASS = YES_ERROR;
				CLANG_WARN_RANGE_LOOP_ANALYSIS = YES;
				CLANG_WARN_STRICT_PROTOTYPES = YES;
				CLANG_WARN_SUSPICIOUS_MOVE = YES;
				CLANG_WARN_UNGUARDED_AVAILABILITY = YES_AGGRESSIVE;
				CLANG_WARN_UNREACHABLE_CODE = YES;
				CLANG_WARN__DUPLICATE_METHOD_MATCH = YES;
				COPY_PHASE_STRIP = NO;
				DEBUG_INFORMATION_FORMAT = "dwarf-with-dsym";
				ENABLE_NS_ASSERTIONS = NO;
				ENABLE_STRICT_OBJC_MSGSEND = YES;
				GCC_C_LANGUAGE_STANDARD = gnu11;
				GCC_NO_COMMON_BLOCKS = YES;
				GCC_WARN_64_TO_32_BIT_CONVERSION = YES;
				GCC_WARN_ABOUT_RETURN_TYPE = YES_ERROR;
				GCC_WARN_UNDECLARED_SELECTOR = YES;
				GCC_WARN_UNINITIALIZED_AUTOS = YES_AGGRESSIVE;
				GCC_WARN_UNUSED_FUNCTION = YES;
				GCC_WARN_UNUSED_VARIABLE = YES;
				IPHONEOS_DEPLOYMENT_TARGET = 13.5;
				MTL_ENABLE_DEBUG_INFO = NO;
				MTL_FAST_MATH = YES;
				SDKROOT = iphoneos;
				SWIFT_COMPILATION_MODE = wholemodule;
				SWIFT_OPTIMIZATION_LEVEL = "-O";
				VALIDATE_PRODUCT = YES;
			};
			name = Release;
		};
		8693FE6924ACD26500245819 /* Debug */ = {
			isa = XCBuildConfiguration;
			buildSettings = {
				ASSETCATALOG_COMPILER_APPICON_NAME = AppIcon;
				CODE_SIGN_STYLE = Automatic;
				DEVELOPMENT_ASSET_PATHS = "\"Rilabs Game/Preview Content\"";
				DEVELOPMENT_TEAM = AYP4U693RV;
				ENABLE_PREVIEWS = YES;
				INFOPLIST_FILE = "Rilabs Game/Info.plist";
				LD_RUNPATH_SEARCH_PATHS = (
					"$(inherited)",
					"@executable_path/Frameworks",
				);
				PRODUCT_BUNDLE_IDENTIFIER = "com.arisupriatna.Rilabs-Game";
				PRODUCT_NAME = "$(TARGET_NAME)";
				SWIFT_VERSION = 5.0;
				TARGETED_DEVICE_FAMILY = "1,2";
			};
			name = Debug;
		};
		8693FE6A24ACD26500245819 /* Release */ = {
			isa = XCBuildConfiguration;
			buildSettings = {
				ASSETCATALOG_COMPILER_APPICON_NAME = AppIcon;
				CODE_SIGN_STYLE = Automatic;
				DEVELOPMENT_ASSET_PATHS = "\"Rilabs Game/Preview Content\"";
				DEVELOPMENT_TEAM = AYP4U693RV;
				ENABLE_PREVIEWS = YES;
				INFOPLIST_FILE = "Rilabs Game/Info.plist";
				LD_RUNPATH_SEARCH_PATHS = (
					"$(inherited)",
					"@executable_path/Frameworks",
				);
				PRODUCT_BUNDLE_IDENTIFIER = "com.arisupriatna.Rilabs-Game";
				PRODUCT_NAME = "$(TARGET_NAME)";
				SWIFT_VERSION = 5.0;
				TARGETED_DEVICE_FAMILY = "1,2";
			};
			name = Release;
		};
/* End XCBuildConfiguration section */

/* Begin XCConfigurationList section */
		8693FE4F24ACD26300245819 /* Build configuration list for PBXProject "Rilabs Game" */ = {
			isa = XCConfigurationList;
			buildConfigurations = (
				8693FE6624ACD26500245819 /* Debug */,
				8693FE6724ACD26500245819 /* Release */,
			);
			defaultConfigurationIsVisible = 0;
			defaultConfigurationName = Release;
		};
		8693FE6824ACD26500245819 /* Build configuration list for PBXNativeTarget "Rilabs Game" */ = {
			isa = XCConfigurationList;
			buildConfigurations = (
				8693FE6924ACD26500245819 /* Debug */,
				8693FE6A24ACD26500245819 /* Release */,
			);
			defaultConfigurationIsVisible = 0;
			defaultConfigurationName = Release;
		};
/* End XCConfigurationList section */
	};
	rootObject = 8693FE4C24ACD26300245819 /* Project object */;
}
